{
  "name": "create-fx-app",
  "version": "0.0.15",
  "lockfileVersion": 2,
  "requires": true,
  "packages": {
    "": {
      "name": "create-fx-app",
      "version": "0.0.13",
      "license": "Apache-2.0",
      "dependencies": {
        "commander": "^8.3.0",
        "validate-npm-package-name": "^3.0.0"
      },
      "bin": {
        "create-fx-app": "dist/create-fx-app.js"
      },
      "devDependencies": {
        "@types/node": "^16.11.13",
        "@types/validate-npm-package-name": "^3.0.3"
      },
      "engines": {
        "node": ">=14.0.0"
      }
    },
    "node_modules/@types/node": {
      "version": "16.11.13",
      "resolved": "https://registry.npmjs.org/@types/node/-/node-16.11.13.tgz",
      "integrity": "sha512-eUXZzHLHoZqj1frtUetNkUetYoJ6X55UmrVnFD4DMhVeAmwLjniZhtBmsRiemQh4uq4G3vUra/Ws/hs9vEvL3Q==",
      "dev": true
    },
    "node_modules/@types/validate-npm-package-name": {
      "version": "3.0.3",
      "resolved": "https://registry.npmjs.org/@types/validate-npm-package-name/-/validate-npm-package-name-3.0.3.tgz",
      "integrity": "sha512-dLhCHEIjf9++/vHaHCo/ngJzGqGGbPh/f7HKwznEk3WFL64t/VKuRiVpyQH4afX93YkCV94I9M0Cx+DBLk1Dsg==",
      "dev": true
    },
    "node_modules/builtins": {
      "version": "1.0.3",
      "resolved": "https://registry.npmjs.org/builtins/-/builtins-1.0.3.tgz",
      "integrity": "sha1-y5T662HIaWRR2zZTThQi+U8K7og="
    },
    "node_modules/commander": {
      "version": "8.3.0",
      "resolved": "https://registry.npmjs.org/commander/-/commander-8.3.0.tgz",
      "integrity": "sha512-OkTL9umf+He2DZkUq8f8J9of7yL6RJKI24dVITBmNfZBmri9zYZQrKkuXiKhyfPSu8tUhnVBB1iKXevvnlR4Ww==",
      "engines": {
        "node": ">= 12"
      }
    },
    "node_modules/validate-npm-package-name": {
      "version": "3.0.0",
      "resolved": "https://registry.npmjs.org/validate-npm-package-name/-/validate-npm-package-name-3.0.0.tgz",
      "integrity": "sha1-X6kS2B630MdK/BQN5zF/DKffQ34=",
      "dependencies": {
        "builtins": "^1.0.3"
      }
    }
  },
  "dependencies": {
    "@types/node": {
      "version": "16.11.13",
      "resolved": "https://registry.npmjs.org/@types/node/-/node-16.11.13.tgz",
      "integrity": "sha512-eUXZzHLHoZqj1frtUetNkUetYoJ6X55UmrVnFD4DMhVeAmwLjniZhtBmsRiemQh4uq4G3vUra/Ws/hs9vEvL3Q==",
      "dev": true
    },
    "@types/validate-npm-package-name": {
      "version": "3.0.3",
      "resolved": "https://registry.npmjs.org/@types/validate-npm-package-name/-/validate-npm-package-name-3.0.3.tgz",
      "integrity": "sha512-dLhCHEIjf9++/vHaHCo/ngJzGqGGbPh/f7HKwznEk3WFL64t/VKuRiVpyQH4afX93YkCV94I9M0Cx+DBLk1Dsg==",
      "dev": true
    },
    "builtins": {
      "version": "1.0.3",
      "resolved": "https://registry.npmjs.org/builtins/-/builtins-1.0.3.tgz",
      "integrity": "sha1-y5T662HIaWRR2zZTThQi+U8K7og="
    },
    "commander": {
      "version": "8.3.0",
      "resolved": "https://registry.npmjs.org/commander/-/commander-8.3.0.tgz",
      "integrity": "sha512-OkTL9umf+He2DZkUq8f8J9of7yL6RJKI24dVITBmNfZBmri9zYZQrKkuXiKhyfPSu8tUhnVBB1iKXevvnlR4Ww=="
    },
    "validate-npm-package-name": {
      "version": "3.0.0",
      "resolved": "https://registry.npmjs.org/validate-npm-package-name/-/validate-npm-package-name-3.0.0.tgz",
      "integrity": "sha1-X6kS2B630MdK/BQN5zF/DKffQ34=",
      "requires": {
        "builtins": "^1.0.3"
      }
    }
  }
}
