{
  "name": "@founding/fx-generator-resource",
  "lockfileVersion": 2,
  "requires": true,
  "packages": {
    "": {
      "name": "@founding/fx-generator-resource",
      "dependencies": {
        "@mrleebo/prisma-ast": "^0.2.5",
        "prompts": "^2.4.2"
      },
      "devDependencies": {
        "@types/prompts": "^2.0.14"
      }
    },
    "node_modules/@chevrotain/types": {
      "version": "9.1.0",
      "resolved": "https://registry.npmjs.org/@chevrotain/types/-/types-9.1.0.tgz",
      "integrity": "sha512-3hbCD1CThkv9gnaSIPq0GUXwKni68e0ph6jIHwCvcWiQ4JB2xi8bFxBain0RF04qHUWuDjgnZLj4rLgimuGO+g=="
    },
    "node_modules/@chevrotain/utils": {
      "version": "9.1.0",
      "resolved": "https://registry.npmjs.org/@chevrotain/utils/-/utils-9.1.0.tgz",
      "integrity": "sha512-llLJZ8OAlZrjGlBvamm6Zdo/HmGAcCLq5gx7cSwUX8No+n/8ip+oaC4x33IdZIif8+Rh5dQUIZXmfbSghiOmNQ=="
    },
    "node_modules/@mrleebo/prisma-ast": {
      "version": "0.2.6",
      "resolved": "https://registry.npmjs.org/@mrleebo/prisma-ast/-/prisma-ast-0.2.6.tgz",
      "integrity": "sha512-Df0gAGmws3sxNMmLviTarBL9znf84QVlVhlx4EPgArrnaVBy8tNQZAI9aSTJHzH0JGj9BVGa0Qz1g3hPt12Kxw==",
      "dependencies": {
        "chevrotain": "^9.0.1"
      },
      "engines": {
        "node": ">=10"
      }
    },
    "node_modules/@types/node": {
      "version": "16.11.9",
      "resolved": "https://registry.npmjs.org/@types/node/-/node-16.11.9.tgz",
      "integrity": "sha512-MKmdASMf3LtPzwLyRrFjtFFZ48cMf8jmX5VRYrDQiJa8Ybu5VAmkqBWqKU8fdCwD8ysw4mQ9nrEHvzg6gunR7A==",
      "dev": true
    },
    "node_modules/@types/prompts": {
      "version": "2.0.14",
      "resolved": "https://registry.npmjs.org/@types/prompts/-/prompts-2.0.14.tgz",
      "integrity": "sha512-HZBd99fKxRWpYCErtm2/yxUZv6/PBI9J7N4TNFffl5JbrYMHBwF25DjQGTW3b3jmXq+9P6/8fCIb2ee57BFfYA==",
      "dev": true,
      "dependencies": {
        "@types/node": "*"
      }
    },
    "node_modules/chevrotain": {
      "version": "9.1.0",
      "resolved": "https://registry.npmjs.org/chevrotain/-/chevrotain-9.1.0.tgz",
      "integrity": "sha512-A86/55so63HCfu0dgGg3j9u8uuuBOrSqly1OhBZxRu2x6sAKILLzfVjbGMw45kgier6lz45EzcjjWtTRgoT84Q==",
      "dependencies": {
        "@chevrotain/types": "^9.1.0",
        "@chevrotain/utils": "^9.1.0",
        "regexp-to-ast": "0.5.0"
      }
    },
    "node_modules/kleur": {
      "version": "3.0.3",
      "resolved": "https://registry.npmjs.org/kleur/-/kleur-3.0.3.tgz",
      "integrity": "sha512-eTIzlVOSUR+JxdDFepEYcBMtZ9Qqdef+rnzWdRZuMbOywu5tO2w2N7rqjoANZ5k9vywhL6Br1VRjUIgTQx4E8w==",
      "engines": {
        "node": ">=6"
      }
    },
    "node_modules/prompts": {
      "version": "2.4.2",
      "resolved": "https://registry.npmjs.org/prompts/-/prompts-2.4.2.tgz",
      "integrity": "sha512-NxNv/kLguCA7p3jE8oL2aEBsrJWgAakBpgmgK6lpPWV+WuOmY6r2/zbAVnP+T8bQlA0nzHXSJSJW0Hq7ylaD2Q==",
      "dependencies": {
        "kleur": "^3.0.3",
        "sisteransi": "^1.0.5"
      },
      "engines": {
        "node": ">= 6"
      }
    },
    "node_modules/regexp-to-ast": {
      "version": "0.5.0",
      "resolved": "https://registry.npmjs.org/regexp-to-ast/-/regexp-to-ast-0.5.0.tgz",
      "integrity": "sha512-tlbJqcMHnPKI9zSrystikWKwHkBqu2a/Sgw01h3zFjvYrMxEDYHzzoMZnUrbIfpTFEsoRnnviOXNCzFiSc54Qw=="
    },
    "node_modules/sisteransi": {
      "version": "1.0.5",
      "resolved": "https://registry.npmjs.org/sisteransi/-/sisteransi-1.0.5.tgz",
      "integrity": "sha512-bLGGlR1QxBcynn2d5YmDX4MGjlZvy2MRBDRNHLJ8VI6l6+9FUiyTFNJ0IveOSP0bcXgVDPRcfGqA0pjaqUpfVg=="
    }
  },
  "dependencies": {
    "@chevrotain/types": {
      "version": "9.1.0",
      "resolved": "https://registry.npmjs.org/@chevrotain/types/-/types-9.1.0.tgz",
      "integrity": "sha512-3hbCD1CThkv9gnaSIPq0GUXwKni68e0ph6jIHwCvcWiQ4JB2xi8bFxBain0RF04qHUWuDjgnZLj4rLgimuGO+g=="
    },
    "@chevrotain/utils": {
      "version": "9.1.0",
      "resolved": "https://registry.npmjs.org/@chevrotain/utils/-/utils-9.1.0.tgz",
      "integrity": "sha512-llLJZ8OAlZrjGlBvamm6Zdo/HmGAcCLq5gx7cSwUX8No+n/8ip+oaC4x33IdZIif8+Rh5dQUIZXmfbSghiOmNQ=="
    },
    "@mrleebo/prisma-ast": {
      "version": "0.2.6",
      "resolved": "https://registry.npmjs.org/@mrleebo/prisma-ast/-/prisma-ast-0.2.6.tgz",
      "integrity": "sha512-Df0gAGmws3sxNMmLviTarBL9znf84QVlVhlx4EPgArrnaVBy8tNQZAI9aSTJHzH0JGj9BVGa0Qz1g3hPt12Kxw==",
      "requires": {
        "chevrotain": "^9.0.1"
      }
    },
    "@types/node": {
      "version": "16.11.9",
      "resolved": "https://registry.npmjs.org/@types/node/-/node-16.11.9.tgz",
      "integrity": "sha512-MKmdASMf3LtPzwLyRrFjtFFZ48cMf8jmX5VRYrDQiJa8Ybu5VAmkqBWqKU8fdCwD8ysw4mQ9nrEHvzg6gunR7A==",
      "dev": true
    },
    "@types/prompts": {
      "version": "2.0.14",
      "resolved": "https://registry.npmjs.org/@types/prompts/-/prompts-2.0.14.tgz",
      "integrity": "sha512-HZBd99fKxRWpYCErtm2/yxUZv6/PBI9J7N4TNFffl5JbrYMHBwF25DjQGTW3b3jmXq+9P6/8fCIb2ee57BFfYA==",
      "dev": true,
      "requires": {
        "@types/node": "*"
      }
    },
    "chevrotain": {
      "version": "9.1.0",
      "resolved": "https://registry.npmjs.org/chevrotain/-/chevrotain-9.1.0.tgz",
      "integrity": "sha512-A86/55so63HCfu0dgGg3j9u8uuuBOrSqly1OhBZxRu2x6sAKILLzfVjbGMw45kgier6lz45EzcjjWtTRgoT84Q==",
      "requires": {
        "@chevrotain/types": "^9.1.0",
        "@chevrotain/utils": "^9.1.0",
        "regexp-to-ast": "0.5.0"
      }
    },
    "kleur": {
      "version": "3.0.3",
      "resolved": "https://registry.npmjs.org/kleur/-/kleur-3.0.3.tgz",
      "integrity": "sha512-eTIzlVOSUR+JxdDFepEYcBMtZ9Qqdef+rnzWdRZuMbOywu5tO2w2N7rqjoANZ5k9vywhL6Br1VRjUIgTQx4E8w=="
    },
    "prompts": {
      "version": "2.4.2",
      "resolved": "https://registry.npmjs.org/prompts/-/prompts-2.4.2.tgz",
      "integrity": "sha512-NxNv/kLguCA7p3jE8oL2aEBsrJWgAakBpgmgK6lpPWV+WuOmY6r2/zbAVnP+T8bQlA0nzHXSJSJW0Hq7ylaD2Q==",
      "requires": {
        "kleur": "^3.0.3",
        "sisteransi": "^1.0.5"
      }
    },
    "regexp-to-ast": {
      "version": "0.5.0",
      "resolved": "https://registry.npmjs.org/regexp-to-ast/-/regexp-to-ast-0.5.0.tgz",
      "integrity": "sha512-tlbJqcMHnPKI9zSrystikWKwHkBqu2a/Sgw01h3zFjvYrMxEDYHzzoMZnUrbIfpTFEsoRnnviOXNCzFiSc54Qw=="
    },
    "sisteransi": {
      "version": "1.0.5",
      "resolved": "https://registry.npmjs.org/sisteransi/-/sisteransi-1.0.5.tgz",
      "integrity": "sha512-bLGGlR1QxBcynn2d5YmDX4MGjlZvy2MRBDRNHLJ8VI6l6+9FUiyTFNJ0IveOSP0bcXgVDPRcfGqA0pjaqUpfVg=="
    }
  }
}
